
Microsoft Visual Studio Solution File, Format Version 12.00
# Visual Studio Version 16
VisualStudioVersion = 16.0.30002.166
MinimumVisualStudioVersion = 10.0.40219.1
Project("{FAE04EC0-301F-11D3-BF4B-00C04F79EFBC}") = "SampleCoreAPI", "SampleCoreAPI.csproj", "{ECECC748-84D3-4A47-A24C-31F9FA63232C}"
EndProject
Project("{FAE04EC0-301F-11D3-BF4B-00C04F79EFBC}") = "SampleAPIService", "..\SampleAPIService\SampleAPIService.csproj", "{C4482EC4-6125-44E4-AA46-6E60400FF0B8}"
EndProject
Project("{FAE04EC0-301F-11D3-BF4B-00C04F79EFBC}") = "SampleAPIRepository", "..\SampleAPIRepository\SampleAPIRepository.csproj", "{ECB24732-4427-485D-9ABC-5A565407B093}"
EndProject
Project("{FAE04EC0-301F-11D3-BF4B-00C04F79EFBC}") = "SampleAPIBootstrap", "..\SampleAPIBootstrap\SampleAPIBootstrap.csproj", "{C5FDFC24-7C35-44E7-A349-B4C00D2D008F}"
EndProject
Project("{FAE04EC0-301F-11D3-BF4B-00C04F79EFBC}") = "SampleAPIModel", "..\SampleAPIModel\SampleAPIModel.csproj", "{F6395DD3-DD05-4C21-A55D-178F5505A902}"
EndProject
Global
	GlobalSection(SolutionConfigurationPlatforms) = preSolution
		Debug|Any CPU = Debug|Any CPU
		Release|Any CPU = Release|Any CPU
	EndGlobalSection
	GlobalSection(ProjectConfigurationPlatforms) = postSolution
		{ECECC748-84D3-4A47-A24C-31F9FA63232C}.Debug|Any CPU.ActiveCfg = Debug|Any CPU
		{ECECC748-84D3-4A47-A24C-31F9FA63232C}.Debug|Any CPU.Build.0 = Debug|Any CPU
		{ECECC748-84D3-4A47-A24C-31F9FA63232C}.Release|Any CPU.ActiveCfg = Release|Any CPU
		{ECECC748-84D3-4A47-A24C-31F9FA63232C}.Release|Any CPU.Build.0 = Release|Any CPU
		{C4482EC4-6125-44E4-AA46-6E60400FF0B8}.Debug|Any CPU.ActiveCfg = Debug|Any CPU
		{C4482EC4-6125-44E4-AA46-6E60400FF0B8}.Debug|Any CPU.Build.0 = Debug|Any CPU
		{C4482EC4-6125-44E4-AA46-6E60400FF0B8}.Release|Any CPU.ActiveCfg = Release|Any CPU
		{C4482EC4-6125-44E4-AA46-6E60400FF0B8}.Release|Any CPU.Build.0 = Release|Any CPU
		{ECB24732-4427-485D-9ABC-5A565407B093}.Debug|Any CPU.ActiveCfg = Debug|Any CPU
		{ECB24732-4427-485D-9ABC-5A565407B093}.Debug|Any CPU.Build.0 = Debug|Any CPU
		{ECB24732-4427-485D-9ABC-5A565407B093}.Release|Any CPU.ActiveCfg = Release|Any CPU
		{ECB24732-4427-485D-9ABC-5A565407B093}.Release|Any CPU.Build.0 = Release|Any CPU
		{C5FDFC24-7C35-44E7-A349-B4C00D2D008F}.Debug|Any CPU.ActiveCfg = Debug|Any CPU
		{C5FDFC24-7C35-44E7-A349-B4C00D2D008F}.Debug|Any CPU.Build.0 = Debug|Any CPU
		{C5FDFC24-7C35-44E7-A349-B4C00D2D008F}.Release|Any CPU.ActiveCfg = Release|Any CPU
		{C5FDFC24-7C35-44E7-A349-B4C00D2D008F}.Release|Any CPU.Build.0 = Release|Any CPU
		{F6395DD3-DD05-4C21-A55D-178F5505A902}.Debug|Any CPU.ActiveCfg = Debug|Any CPU
		{F6395DD3-DD05-4C21-A55D-178F5505A902}.Debug|Any CPU.Build.0 = Debug|Any CPU
		{F6395DD3-DD05-4C21-A55D-178F5505A902}.Release|Any CPU.ActiveCfg = Release|Any CPU
		{F6395DD3-DD05-4C21-A55D-178F5505A902}.Release|Any CPU.Build.0 = Release|Any CPU
	EndGlobalSection
	GlobalSection(SolutionProperties) = preSolution
		HideSolutionNode = FALSE
	EndGlobalSection
	GlobalSection(ExtensibilityGlobals) = postSolution
		SolutionGuid = {D8E6EE45-9527-491B-AEF6-4F0C39F9B153}
	EndGlobalSection
EndGlobal
